{
  "object": {
    "pins": [
      {
        "package": "IQKeyboardManagerSwift",
        "repositoryURL": "https://github.com/hackiftekhar/IQKeyboardManager.git",
        "state": {
          "branch": null,
          "revision": "4dc6bc7d1c9747bd0c261c8c055903f9fdef91f7",
          "version": "6.5.6"
        }
      },
      {
        "package": "JGProgressHUD",
        "repositoryURL": "https://github.com/JonasGessner/JGProgressHUD.git",
        "state": {
          "branch": null,
          "revision": "78d7cd35f1d90ff74fd82e486f2cbe4b24be8cf9",
          "version": "2.2.0"
        }
      },
      {
        "package": "TKFormTextField",
        "repositoryURL": "https://github.com/hlung/TKFormTextField.git",
        "state": {
          "branch": null,
          "revision": "79e113d43ba3f2cabad726b5022820084a31f04a",
          "version": "0.4.0"
        }
      }
    ]
  },
  "version": 1
}
